
Microsoft Visual Studio Solution File, Format Version 12.00
# Visual Studio 15
VisualStudioVersion = 15.0.27130.2036
MinimumVisualStudioVersion = 10.0.40219.1
Project("{FAE04EC0-301F-11D3-BF4B-00C04F79EFBC}") = "YoloDetector", "YoloDetector\YoloDetector.csproj", "{6360A0B9-D0EA-4B44-9B45-4D54F6D8D7F6}"
EndProject
Global
	GlobalSection(SolutionConfigurationPlatforms) = preSolution
		Debug|Any CPU = Debug|Any CPU
		Release|Any CPU = Release|Any CPU
	EndGlobalSection
	GlobalSection(ProjectConfigurationPlatforms) = postSolution
		{6360A0B9-D0EA-4B44-9B45-4D54F6D8D7F6}.Debug|Any CPU.ActiveCfg = Debug|Any CPU
		{6360A0B9-D0EA-4B44-9B45-4D54F6D8D7F6}.Debug|Any CPU.Build.0 = Debug|Any CPU
		{6360A0B9-D0EA-4B44-9B45-4D54F6D8D7F6}.Release|Any CPU.ActiveCfg = Release|Any CPU
		{6360A0B9-D0EA-4B44-9B45-4D54F6D8D7F6}.Release|Any CPU.Build.0 = Release|Any CPU
	EndGlobalSection
	GlobalSection(SolutionProperties) = preSolution
		HideSolutionNode = FALSE
	EndGlobalSection
	GlobalSection(ExtensibilityGlobals) = postSolution
		SolutionGuid = {57C41078-077B-4172-A4F0-9B60CB2CBFE2}
	EndGlobalSection
EndGlobal
